Microsoft Visual Studio Solution File, Format Version 10.00
# Visual Studio 2008
Project("{F184B08F-C81C-45F6-A57F-5ABD9991F28F}") = "JohnGaltProject", "JohnGaltProject.vbproj", "{B92680E9-391D-4109-993E-53E5B6946E93}"
EndProject
Project("{54435603-DBB4-11D2-8724-00A0C9A8B90C}") = "IAIPInstaller", "..\IAIPInstaller\IAIPInstaller.vdproj", "{8B8D914A-E946-4094-B68D-85409CF26F30}"
EndProject
Global
	GlobalSection(SubversionScc) = preSolution
		Svn-Managed = True
		Manager = AnkhSVN - Subversion Support for Visual Studio
	EndGlobalSection
	GlobalSection(SolutionConfigurationPlatforms) = preSolution
		Debug|Any CPU = Debug|Any CPU
		Release|Any CPU = Release|Any CPU
	EndGlobalSection
	GlobalSection(ProjectConfigurationPlatforms) = postSolution
		{B92680E9-391D-4109-993E-53E5B6946E93}.Debug|Any CPU.ActiveCfg = Debug|Any CPU
		{B92680E9-391D-4109-993E-53E5B6946E93}.Debug|Any CPU.Build.0 = Debug|Any CPU
		{B92680E9-391D-4109-993E-53E5B6946E93}.Release|Any CPU.ActiveCfg = Release|Any CPU
		{B92680E9-391D-4109-993E-53E5B6946E93}.Release|Any CPU.Build.0 = Release|Any CPU
		{8B8D914A-E946-4094-B68D-85409CF26F30}.Debug|Any CPU.ActiveCfg = Debug
		{8B8D914A-E946-4094-B68D-85409CF26F30}.Release|Any CPU.ActiveCfg = Release
	EndGlobalSection
	GlobalSection(SolutionProperties) = preSolution
		HideSolutionNode = FALSE
	EndGlobalSection
EndGlobal
