Microsoft Visual Studio Solution File, Format Version 12.00
# Visual Studio Version 17
VisualStudioVersion = 17.5.2.0
MinimumVisualStudioVersion = 10.0.40219.1
Project("{FAE04EC0-301F-11D3-BF4B-00C04F79EFBC}") = "Iaip.CxApi", "Iaip.CxApi\Iaip.CxApi.csproj", "{6C6FDBCC-31BA-3C21-1D5F-E5EA4F483749}"
EndProject
Global
	GlobalSection(SolutionConfigurationPlatforms) = preSolution
		Debug|Any CPU = Debug|Any CPU
		Release|Any CPU = Release|Any CPU
	EndGlobalSection
	GlobalSection(ProjectConfigurationPlatforms) = postSolution
		{6C6FDBCC-31BA-3C21-1D5F-E5EA4F483749}.Debug|Any CPU.ActiveCfg = Debug|Any CPU
		{6C6FDBCC-31BA-3C21-1D5F-E5EA4F483749}.Debug|Any CPU.Build.0 = Debug|Any CPU
		{6C6FDBCC-31BA-3C21-1D5F-E5EA4F483749}.Release|Any CPU.ActiveCfg = Release|Any CPU
		{6C6FDBCC-31BA-3C21-1D5F-E5EA4F483749}.Release|Any CPU.Build.0 = Release|Any CPU
	EndGlobalSection
	GlobalSection(SolutionProperties) = preSolution
		HideSolutionNode = FALSE
	EndGlobalSection
	GlobalSection(ExtensibilityGlobals) = postSolution
		SolutionGuid = {23D4ADCC-FC14-4B39-B8B5-C71371931DFE}
	EndGlobalSection
EndGlobal
